
Microsoft Visual Studio Solution File, Format Version 12.00
Project("{FAE04EC0-301F-11D3-BF4B-00C04F79EFBC}") = "BudgetTracker.API", "BudgetTracker.API\BudgetTracker.API.csproj", "{2249E4AB-A485-49D8-BE50-D28261BFA7CC}"
EndProject
Project("{FAE04EC0-301F-11D3-BF4B-00C04F79EFBC}") = "BudgetTracker.Infrastructure", "BudgetTracker.Infrastructure\BudgetTracker.Infrastructure.csproj", "{FFF2B2DD-EAF2-4FC0-9CF0-290282DEC88F}"
EndProject
Project("{FAE04EC0-301F-11D3-BF4B-00C04F79EFBC}") = "BudgetTracker.Logic", "BudgetTracker.Logic\BudgetTracker.Logic.csproj", "{CC24C920-35D8-48B6-96D2-6AFC3FCE6189}"
EndProject
Project("{FAE04EC0-301F-11D3-BF4B-00C04F79EFBC}") = "BudgetTracker.App", "BudgetTracker.App\BudgetTracker.App.csproj", "{F76112EF-4B41-47B7-B7A6-9865CFD9232F}"
EndProject
Global
	GlobalSection(SolutionConfigurationPlatforms) = preSolution
		Debug|Any CPU = Debug|Any CPU
		Release|Any CPU = Release|Any CPU
	EndGlobalSection
	GlobalSection(ProjectConfigurationPlatforms) = postSolution
		{2249E4AB-A485-49D8-BE50-D28261BFA7CC}.Debug|Any CPU.ActiveCfg = Debug|Any CPU
		{2249E4AB-A485-49D8-BE50-D28261BFA7CC}.Debug|Any CPU.Build.0 = Debug|Any CPU
		{2249E4AB-A485-49D8-BE50-D28261BFA7CC}.Release|Any CPU.ActiveCfg = Release|Any CPU
		{2249E4AB-A485-49D8-BE50-D28261BFA7CC}.Release|Any CPU.Build.0 = Release|Any CPU
		{FFF2B2DD-EAF2-4FC0-9CF0-290282DEC88F}.Debug|Any CPU.ActiveCfg = Debug|Any CPU
		{FFF2B2DD-EAF2-4FC0-9CF0-290282DEC88F}.Debug|Any CPU.Build.0 = Debug|Any CPU
		{FFF2B2DD-EAF2-4FC0-9CF0-290282DEC88F}.Release|Any CPU.ActiveCfg = Release|Any CPU
		{FFF2B2DD-EAF2-4FC0-9CF0-290282DEC88F}.Release|Any CPU.Build.0 = Release|Any CPU
		{CC24C920-35D8-48B6-96D2-6AFC3FCE6189}.Debug|Any CPU.ActiveCfg = Debug|Any CPU
		{CC24C920-35D8-48B6-96D2-6AFC3FCE6189}.Debug|Any CPU.Build.0 = Debug|Any CPU
		{CC24C920-35D8-48B6-96D2-6AFC3FCE6189}.Release|Any CPU.ActiveCfg = Release|Any CPU
		{CC24C920-35D8-48B6-96D2-6AFC3FCE6189}.Release|Any CPU.Build.0 = Release|Any CPU
		{F76112EF-4B41-47B7-B7A6-9865CFD9232F}.Debug|Any CPU.ActiveCfg = Debug|Any CPU
		{F76112EF-4B41-47B7-B7A6-9865CFD9232F}.Debug|Any CPU.Build.0 = Debug|Any CPU
		{F76112EF-4B41-47B7-B7A6-9865CFD9232F}.Release|Any CPU.ActiveCfg = Release|Any CPU
		{F76112EF-4B41-47B7-B7A6-9865CFD9232F}.Release|Any CPU.Build.0 = Release|Any CPU
	EndGlobalSection
EndGlobal
